
Microsoft Visual Studio Solution File, Format Version 12.00
# Visual Studio Version 17
VisualStudioVersion = 17.4.33213.308
MinimumVisualStudioVersion = 10.0.40219.1
Project("{FAE04EC0-301F-11D3-BF4B-00C04F79EFBC}") = "DesasterAlleviationFund", "DesasterAlleviationFund\DesasterAlleviationFund.csproj", "{668582B3-B7CF-41C2-8896-C0E9EF7BF81F}"
EndProject
Global
	GlobalSection(SolutionConfigurationPlatforms) = preSolution
		Debug|Any CPU = Debug|Any CPU
		Release|Any CPU = Release|Any CPU
	EndGlobalSection
	GlobalSection(ProjectConfigurationPlatforms) = postSolution
		{668582B3-B7CF-41C2-8896-C0E9EF7BF81F}.Debug|Any CPU.ActiveCfg = Debug|Any CPU
		{668582B3-B7CF-41C2-8896-C0E9EF7BF81F}.Debug|Any CPU.Build.0 = Debug|Any CPU
		{668582B3-B7CF-41C2-8896-C0E9EF7BF81F}.Release|Any CPU.ActiveCfg = Release|Any CPU
		{668582B3-B7CF-41C2-8896-C0E9EF7BF81F}.Release|Any CPU.Build.0 = Release|Any CPU
	EndGlobalSection
	GlobalSection(SolutionProperties) = preSolution
		HideSolutionNode = FALSE
	EndGlobalSection
	GlobalSection(ExtensibilityGlobals) = postSolution
		SolutionGuid = {E14D6D39-2565-411F-9E21-EC64EA998D23}
	EndGlobalSection
EndGlobal
